<?xml version="1.0" encoding="UTF-8"?>
<Scheme
   version = "1.3">
   <BuildAction>
      <BuildActionEntries>
         <BuildActionEntry
            buildForRunning = "YES">
            <BuildableReference
               BuildableIdentifier = "primary"
               BlueprintIdentifier = "E62CDE62245DF83000FA9008"
               BuildableName = "Adyen Sample.app"
               BlueprintName = "Adyen Sample"
               ReferencedContainer = "container:Adyen Sample.xcodeproj">
            </BuildableReference>
         </BuildActionEntry>
      </BuildActionEntries>
   </BuildAction>
   <LaunchAction
      useCustomWorkingDirectory = "NO"
      buildConfiguration = "Debug"
      allowLocationSimulation = "YES">
      <BuildableProductRunnable>
         <BuildableReference
            BuildableIdentifier = "primary"
            BlueprintIdentifier = "E62CDE62245DF83000FA9008"
            BuildableName = "Adyen Sample.app"
            BlueprintName = "Adyen Sample"
            ReferencedContainer = "container:Adyen Sample.xcodeproj">
         </BuildableReference>
      </BuildableProductRunnable>
   </LaunchAction>
</Scheme>
